// !$*UTF8*$!
{
	archiveVersion = 1;
	classes = {
	};
	objectVersion = 51;
	objects = {

/* Begin PBXBuildFile section */
		0E02F4D0235991C50060B5BC /* Sample1ViewController.swift in Sources */ = {isa = PBXBuildFile; fileRef = 0E02F4CF235991C50060B5BC /* Sample1ViewController.swift */; };
		0E2DBC9F23531E2B009FE716 /* ImageSearchController.swift in Sources */ = {isa = PBXBuildFile; fileRef = 0E2DBC9E23531E2B009FE716 /* ImageSearchController.swift */; };
		0E2DBCA12354607A009FE716 /* Utilities.swift in Sources */ = {isa = PBXBuildFile; fileRef = 0E2DBCA02354607A009FE716 /* Utilities.swift */; };
		0E2DBCA4235460D4009FE716 /* ImageCollectionViewCell.swift in Sources */ = {isa = PBXBuildFile; fileRef = 0E2DBCA2235460D4009FE716 /* ImageCollectionViewCell.swift */; };
		0E2DBCA5235460D4009FE716 /* ImageCollectionViewCell.xib in Resources */ = {isa = PBXBuildFile; fileRef = 0E2DBCA3235460D4009FE716 /* ImageCollectionViewCell.xib */; };
		0E2DBCA723548154009FE716 /* searchTerm.plist in Resources */ = {isa = PBXBuildFile; fileRef = 0E2DBCA623548154009FE716 /* searchTerm.plist */; };
		0E2DBCA92355CFA8009FE716 /* SuggestionController.swift in Sources */ = {isa = PBXBuildFile; fileRef = 0E2DBCA82355CFA8009FE716 /* SuggestionController.swift */; };
		0E2DBCAC235608F8009FE716 /* SuggestionsItemsCell.swift in Sources */ = {isa = PBXBuildFile; fileRef = 0E2DBCAA235608F8009FE716 /* SuggestionsItemsCell.swift */; };
		0E2DBCAD235608F8009FE716 /* SuggestionsItemsCell.xib in Resources */ = {isa = PBXBuildFile; fileRef = 0E2DBCAB235608F8009FE716 /* SuggestionsItemsCell.xib */; };
		0E319A74235A39500068E5A2 /* Sample3ViewController.swift in Sources */ = {isa = PBXBuildFile; fileRef = 0E319A73235A39500068E5A2 /* Sample3ViewController.swift */; };
		0E71AB09234B483400213DC8 /* AppDelegate.swift in Sources */ = {isa = PBXBuildFile; fileRef = 0E71AB08234B483400213DC8 /* AppDelegate.swift */; };
		0E71AB0B234B483400213DC8 /* SceneDelegate.swift in Sources */ = {isa = PBXBuildFile; fileRef = 0E71AB0A234B483400213DC8 /* SceneDelegate.swift */; };
		0E71AB0D234B483400213DC8 /* Sample2ViewController.swift in Sources */ = {isa = PBXBuildFile; fileRef = 0E71AB0C234B483400213DC8 /* Sample2ViewController.swift */; };
		0E71AB10234B483400213DC8 /* Main.storyboard in Resources */ = {isa = PBXBuildFile; fileRef = 0E71AB0E234B483400213DC8 /* Main.storyboard */; };
		0E71AB12234B483600213DC8 /* Assets.xcassets in Resources */ = {isa = PBXBuildFile; fileRef = 0E71AB11234B483600213DC8 /* Assets.xcassets */; };
		0E71AB15234B483600213DC8 /* LaunchScreen.storyboard in Resources */ = {isa = PBXBuildFile; fileRef = 0E71AB13234B483600213DC8 /* LaunchScreen.storyboard */; };
		0E71AB20234B483600213DC8 /* CollectionViewDiffableDatasourceTests.swift in Sources */ = {isa = PBXBuildFile; fileRef = 0E71AB1F234B483600213DC8 /* CollectionViewDiffableDatasourceTests.swift */; };
		0E71AB2B234B483600213DC8 /* CollectionViewDiffableDatasourceUITests.swift in Sources */ = {isa = PBXBuildFile; fileRef = 0E71AB2A234B483600213DC8 /* CollectionViewDiffableDatasourceUITests.swift */; };
		0ECE132123584C6A00715953 /* SectionsViewModels.swift in Sources */ = {isa = PBXBuildFile; fileRef = 0ECE132023584C6A00715953 /* SectionsViewModels.swift */; };
		0ECE132323584E0600715953 /* SuggestionsViewModel.swift in Sources */ = {isa = PBXBuildFile; fileRef = 0ECE132223584E0600715953 /* SuggestionsViewModel.swift */; };
		0ECE132523584E1E00715953 /* ImagePostViewModel.swift in Sources */ = {isa = PBXBuildFile; fileRef = 0ECE132423584E1E00715953 /* ImagePostViewModel.swift */; };
		471D83746862EC8EA9E0E87B /* Pods_CollectionViewDiffableDatasource.framework in Frameworks */ = {isa = PBXBuildFile; fileRef = F324804301DE9664EA29C53A /* Pods_CollectionViewDiffableDatasource.framework */; };
		5FE2D3978441C67BE398009B /* Pods_CollectionViewDiffableDatasourceTests.framework in Frameworks */ = {isa = PBXBuildFile; fileRef = 36806F274E6CBD67D8D1EEC2 /* Pods_CollectionViewDiffableDatasourceTests.framework */; };
		ECF80546428D02A6252FCC53 /* Pods_CollectionViewDiffableDatasourceUITests.framework in Frameworks */ = {isa = PBXBuildFile; fileRef = 1403E594B6E7145BCC09A76C /* Pods_CollectionViewDiffableDatasourceUITests.framework */; };
/* End PBXBuildFile section */

/* Begin PBXContainerItemProxy section */
		0E71AB1C234B483600213DC8 /* PBXContainerItemProxy */ = {
			isa = PBXContainerItemProxy;
			containerPortal = 0E71AAFD234B483400213DC8 /* Project object */;
			proxyType = 1;
			remoteGlobalIDString = 0E71AB04234B483400213DC8;
			remoteInfo = CollectionViewDiffableDatasource;
		};
		0E71AB27234B483600213DC8 /* PBXContainerItemProxy */ = {
			isa = PBXContainerItemProxy;
			containerPortal = 0E71AAFD234B483400213DC8 /* Project object */;
			proxyType = 1;
			remoteGlobalIDString = 0E71AB04234B483400213DC8;
			remoteInfo = CollectionViewDiffableDatasource;
		};
/* End PBXContainerItemProxy section */

/* Begin PBXFileReference section */
		0E02F4CF235991C50060B5BC /* Sample1ViewController.swift */ = {isa = PBXFileReference; lastKnownFileType = sourcecode.swift; path = Sample1ViewController.swift; sourceTree = "<group>"; };
		0E2DBC9E23531E2B009FE716 /* ImageSearchController.swift */ = {isa = PBXFileReference; lastKnownFileType = sourcecode.swift; path = ImageSearchController.swift; sourceTree = "<group>"; };
		0E2DBCA02354607A009FE716 /* Utilities.swift */ = {isa = PBXFileReference; lastKnownFileType = sourcecode.swift; path = Utilities.swift; sourceTree = "<group>"; };
		0E2DBCA2235460D4009FE716 /* ImageCollectionViewCell.swift */ = {isa = PBXFileReference; lastKnownFileType = sourcecode.swift; path = ImageCollectionViewCell.swift; sourceTree = "<group>"; };
		0E2DBCA3235460D4009FE716 /* ImageCollectionViewCell.xib */ = {isa = PBXFileReference; lastKnownFileType = file.xib; path = ImageCollectionViewCell.xib; sourceTree = "<group>"; };
		0E2DBCA623548154009FE716 /* searchTerm.plist */ = {isa = PBXFileReference; lastKnownFileType = text.plist.xml; path = searchTerm.plist; sourceTree = "<group>"; };
		0E2DBCA82355CFA8009FE716 /* SuggestionController.swift */ = {isa = PBXFileReference; lastKnownFileType = sourcecode.swift; path = SuggestionController.swift; sourceTree = "<group>"; };
		0E2DBCAA235608F8009FE716 /* SuggestionsItemsCell.swift */ = {isa = PBXFileReference; lastKnownFileType = sourcecode.swift; path = SuggestionsItemsCell.swift; sourceTree = "<group>"; };
		0E2DBCAB235608F8009FE716 /* SuggestionsItemsCell.xib */ = {isa = PBXFileReference; lastKnownFileType = file.xib; path = SuggestionsItemsCell.xib; sourceTree = "<group>"; };
		0E319A73235A39500068E5A2 /* Sample3ViewController.swift */ = {isa = PBXFileReference; lastKnownFileType = sourcecode.swift; path = Sample3ViewController.swift; sourceTree = "<group>"; };
		0E71AB05234B483400213DC8 /* CollectionViewDiffableDatasource.app */ = {isa = PBXFileReference; explicitFileType = wrapper.application; includeInIndex = 0; path = CollectionViewDiffableDatasource.app; sourceTree = BUILT_PRODUCTS_DIR; };
		0E71AB08234B483400213DC8 /* AppDelegate.swift */ = {isa = PBXFileReference; lastKnownFileType = sourcecode.swift; path = AppDelegate.swift; sourceTree = "<group>"; };
		0E71AB0A234B483400213DC8 /* SceneDelegate.swift */ = {isa = PBXFileReference; lastKnownFileType = sourcecode.swift; path = SceneDelegate.swift; sourceTree = "<group>"; };
		0E71AB0C234B483400213DC8 /* Sample2ViewController.swift */ = {isa = PBXFileReference; lastKnownFileType = sourcecode.swift; path = Sample2ViewController.swift; sourceTree = "<group>"; };
		0E71AB0F234B483400213DC8 /* Base */ = {isa = PBXFileReference; lastKnownFileType = file.storyboard; name = Base; path = Base.lproj/Main.storyboard; sourceTree = "<group>"; };
		0E71AB11234B483600213DC8 /* Assets.xcassets */ = {isa = PBXFileReference; lastKnownFileType = folder.assetcatalog; path = Assets.xcassets; sourceTree = "<group>"; };
		0E71AB14234B483600213DC8 /* Base */ = {isa = PBXFileReference; lastKnownFileType = file.storyboard; name = Base; path = Base.lproj/LaunchScreen.storyboard; sourceTree = "<group>"; };
		0E71AB16234B483600213DC8 /* Info.plist */ = {isa = PBXFileReference; lastKnownFileType = text.plist.xml; path = Info.plist; sourceTree = "<group>"; };
		0E71AB1B234B483600213DC8 /* CollectionViewDiffableDatasourceTests.xctest */ = {isa = PBXFileReference; explicitFileType = wrapper.cfbundle; includeInIndex = 0; path = CollectionViewDiffableDatasourceTests.xctest; sourceTree = BUILT_PRODUCTS_DIR; };
		0E71AB1F234B483600213DC8 /* CollectionViewDiffableDatasourceTests.swift */ = {isa = PBXFileReference; lastKnownFileType = sourcecode.swift; path = CollectionViewDiffableDatasourceTests.swift; sourceTree = "<group>"; };
		0E71AB21234B483600213DC8 /* Info.plist */ = {isa = PBXFileReference; lastKnownFileType = text.plist.xml; path = Info.plist; sourceTree = "<group>"; };
		0E71AB26234B483600213DC8 /* CollectionViewDiffableDatasourceUITests.xctest */ = {isa = PBXFileReference; explicitFileType = wrapper.cfbundle; includeInIndex = 0; path = CollectionViewDiffableDatasourceUITests.xctest; sourceTree = BUILT_PRODUCTS_DIR; };
		0E71AB2A234B483600213DC8 /* CollectionViewDiffableDatasourceUITests.swift */ = {isa = PBXFileReference; lastKnownFileType = sourcecode.swift; path = CollectionViewDiffableDatasourceUITests.swift; sourceTree = "<group>"; };
		0E71AB2C234B483600213DC8 /* Info.plist */ = {isa = PBXFileReference; lastKnownFileType = text.plist.xml; path = Info.plist; sourceTree = "<group>"; };
		0ECE132023584C6A00715953 /* SectionsViewModels.swift */ = {isa = PBXFileReference; lastKnownFileType = sourcecode.swift; path = SectionsViewModels.swift; sourceTree = "<group>"; };
		0ECE132223584E0600715953 /* SuggestionsViewModel.swift */ = {isa = PBXFileReference; lastKnownFileType = sourcecode.swift; path = SuggestionsViewModel.swift; sourceTree = "<group>"; };
		0ECE132423584E1E00715953 /* ImagePostViewModel.swift */ = {isa = PBXFileReference; lastKnownFileType = sourcecode.swift; path = ImagePostViewModel.swift; sourceTree = "<group>"; };
		12F3EBE80FA37650CD831493 /* Pods-CollectionViewDiffableDatasourceUITests.debug.xcconfig */ = {isa = PBXFileReference; includeInIndex = 1; lastKnownFileType = text.xcconfig; name = "Pods-CollectionViewDiffableDatasourceUITests.debug.xcconfig"; path = "Target Support Files/Pods-CollectionViewDiffableDatasourceUITests/Pods-CollectionViewDiffableDatasourceUITests.debug.xcconfig"; sourceTree = "<group>"; };
		1403E594B6E7145BCC09A76C /* Pods_CollectionViewDiffableDatasourceUITests.framework */ = {isa = PBXFileReference; explicitFileType = wrapper.framework; includeInIndex = 0; path = Pods_CollectionViewDiffableDatasourceUITests.framework; sourceTree = BUILT_PRODUCTS_DIR; };
		36806F274E6CBD67D8D1EEC2 /* Pods_CollectionViewDiffableDatasourceTests.framework */ = {isa = PBXFileReference; explicitFileType = wrapper.framework; includeInIndex = 0; path = Pods_CollectionViewDiffableDatasourceTests.framework; sourceTree = BUILT_PRODUCTS_DIR; };
		42BDFEB8399B28DE883BD5E5 /* Pods-CollectionViewDiffableDatasource.debug.xcconfig */ = {isa = PBXFileReference; includeInIndex = 1; lastKnownFileType = text.xcconfig; name = "Pods-CollectionViewDiffableDatasource.debug.xcconfig"; path = "Target Support Files/Pods-CollectionViewDiffableDatasource/Pods-CollectionViewDiffableDatasource.debug.xcconfig"; sourceTree = "<group>"; };
		6D148EC01B3C86F9885337A6 /* Pods-CollectionViewDiffableDatasource.release.xcconfig */ = {isa = PBXFileReference; includeInIndex = 1; lastKnownFileType = text.xcconfig; name = "Pods-CollectionViewDiffableDatasource.release.xcconfig"; path = "Target Support Files/Pods-CollectionViewDiffableDatasource/Pods-CollectionViewDiffableDatasource.release.xcconfig"; sourceTree = "<group>"; };
		796A2E053AAB80E61B7AC64C /* Pods-CollectionViewDiffableDatasourceUITests.release.xcconfig */ = {isa = PBXFileReference; includeInIndex = 1; lastKnownFileType = text.xcconfig; name = "Pods-CollectionViewDiffableDatasourceUITests.release.xcconfig"; path = "Target Support Files/Pods-CollectionViewDiffableDatasourceUITests/Pods-CollectionViewDiffableDatasourceUITests.release.xcconfig"; sourceTree = "<group>"; };
		7CE4D478C82AF4BD6AE60C5E /* Pods-CollectionViewDiffableDatasourceTests.release.xcconfig */ = {isa = PBXFileReference; includeInIndex = 1; lastKnownFileType = text.xcconfig; name = "Pods-CollectionViewDiffableDatasourceTests.release.xcconfig"; path = "Target Support Files/Pods-CollectionViewDiffableDatasourceTests/Pods-CollectionViewDiffableDatasourceTests.release.xcconfig"; sourceTree = "<group>"; };
		A6DA9F2B0DA97926C6D4A7FE /* Pods-CollectionViewDiffableDatasourceTests.debug.xcconfig */ = {isa = PBXFileReference; includeInIndex = 1; lastKnownFileType = text.xcconfig; name = "Pods-CollectionViewDiffableDatasourceTests.debug.xcconfig"; path = "Target Support Files/Pods-CollectionViewDiffableDatasourceTests/Pods-CollectionViewDiffableDatasourceTests.debug.xcconfig"; sourceTree = "<group>"; };
		F324804301DE9664EA29C53A /* Pods_CollectionViewDiffableDatasource.framework */ = {isa = PBXFileReference; explicitFileType = wrapper.framework; includeInIndex = 0; path = Pods_CollectionViewDiffableDatasource.framework; sourceTree = BUILT_PRODUCTS_DIR; };
/* End PBXFileReference section */

/* Begin PBXFrameworksBuildPhase section */
		0E71AB02234B483400213DC8 /* Frameworks */ = {
			isa = PBXFrameworksBuildPhase;
			buildActionMask = 2147483647;
			files = (
				471D83746862EC8EA9E0E87B /* Pods_CollectionViewDiffableDatasource.framework in Frameworks */,
			);
			runOnlyForDeploymentPostprocessing = 0;
		};
		0E71AB18234B483600213DC8 /* Frameworks */ = {
			isa = PBXFrameworksBuildPhase;
			buildActionMask = 2147483647;
			files = (
				5FE2D3978441C67BE398009B /* Pods_CollectionViewDiffableDatasourceTests.framework in Frameworks */,
			);
			runOnlyForDeploymentPostprocessing = 0;
		};
		0E71AB23234B483600213DC8 /* Frameworks */ = {
			isa = PBXFrameworksBuildPhase;
			buildActionMask = 2147483647;
			files = (
				ECF80546428D02A6252FCC53 /* Pods_CollectionViewDiffableDatasourceUITests.framework in Frameworks */,
			);
			runOnlyForDeploymentPostprocessing = 0;
		};
/* End PBXFrameworksBuildPhase section */

/* Begin PBXGroup section */
		0E71AAFC234B483400213DC8 = {
			isa = PBXGroup;
			children = (
				0E2DBCA623548154009FE716 /* searchTerm.plist */,
				0E71AB07234B483400213DC8 /* CollectionViewDiffableDatasource */,
				0E71AB1E234B483600213DC8 /* CollectionViewDiffableDatasourceTests */,
				0E71AB29234B483600213DC8 /* CollectionViewDiffableDatasourceUITests */,
				0E71AB06234B483400213DC8 /* Products */,
				4394E84BD86E254FDA237E53 /* Pods */,
				1945F4059B6413927FB01585 /* Frameworks */,
			);
			sourceTree = "<group>";
		};
		0E71AB06234B483400213DC8 /* Products */ = {
			isa = PBXGroup;
			children = (
				0E71AB05234B483400213DC8 /* CollectionViewDiffableDatasource.app */,
				0E71AB1B234B483600213DC8 /* CollectionViewDiffableDatasourceTests.xctest */,
				0E71AB26234B483600213DC8 /* CollectionViewDiffableDatasourceUITests.xctest */,
			);
			name = Products;
			sourceTree = "<group>";
		};
		0E71AB07234B483400213DC8 /* CollectionViewDiffableDatasource */ = {
			isa = PBXGroup;
			children = (
				0ECE131F23584C3A00715953 /* Controllers */,
				0ECE131E23584C2A00715953 /* ViewModels */,
				0E71AB08234B483400213DC8 /* AppDelegate.swift */,
				0E71AB0A234B483400213DC8 /* SceneDelegate.swift */,
				0E71AB0E234B483400213DC8 /* Main.storyboard */,
				0E71AB11234B483600213DC8 /* Assets.xcassets */,
				0E71AB13234B483600213DC8 /* LaunchScreen.storyboard */,
				0E71AB16234B483600213DC8 /* Info.plist */,
				0E2DBCA02354607A009FE716 /* Utilities.swift */,
				0E2DBCA2235460D4009FE716 /* ImageCollectionViewCell.swift */,
				0E2DBCA3235460D4009FE716 /* ImageCollectionViewCell.xib */,
				0E2DBCAA235608F8009FE716 /* SuggestionsItemsCell.swift */,
				0E2DBCAB235608F8009FE716 /* SuggestionsItemsCell.xib */,
				0E02F4CF235991C50060B5BC /* Sample1ViewController.swift */,
				0E71AB0C234B483400213DC8 /* Sample2ViewController.swift */,
				0E319A73235A39500068E5A2 /* Sample3ViewController.swift */,
			);
			path = CollectionViewDiffableDatasource;
			sourceTree = "<group>";
		};
		0E71AB1E234B483600213DC8 /* CollectionViewDiffableDatasourceTests */ = {
			isa = PBXGroup;
			children = (
				0E71AB1F234B483600213DC8 /* CollectionViewDiffableDatasourceTests.swift */,
				0E71AB21234B483600213DC8 /* Info.plist */,
			);
			path = CollectionViewDiffableDatasourceTests;
			sourceTree = "<group>";
		};
		0E71AB29234B483600213DC8 /* CollectionViewDiffableDatasourceUITests */ = {
			isa = PBXGroup;
			children = (
				0E71AB2A234B483600213DC8 /* CollectionViewDiffableDatasourceUITests.swift */,
				0E71AB2C234B483600213DC8 /* Info.plist */,
			);
			path = CollectionViewDiffableDatasourceUITests;
			sourceTree = "<group>";
		};
		0ECE131E23584C2A00715953 /* ViewModels */ = {
			isa = PBXGroup;
			children = (
				0ECE132023584C6A00715953 /* SectionsViewModels.swift */,
				0ECE132223584E0600715953 /* SuggestionsViewModel.swift */,
				0ECE132423584E1E00715953 /* ImagePostViewModel.swift */,
			);
			path = ViewModels;
			sourceTree = "<group>";
		};
		0ECE131F23584C3A00715953 /* Controllers */ = {
			isa = PBXGroup;
			children = (
				0E2DBC9E23531E2B009FE716 /* ImageSearchController.swift */,
				0E2DBCA82355CFA8009FE716 /* SuggestionController.swift */,
			);
			path = Controllers;
			sourceTree = "<group>";
		};
		1945F4059B6413927FB01585 /* Frameworks */ = {
			isa = PBXGroup;
			children = (
				F324804301DE9664EA29C53A /* Pods_CollectionViewDiffableDatasource.framework */,
				36806F274E6CBD67D8D1EEC2 /* Pods_CollectionViewDiffableDatasourceTests.framework */,
				1403E594B6E7145BCC09A76C /* Pods_CollectionViewDiffableDatasourceUITests.framework */,
			);
			name = Frameworks;
			sourceTree = "<group>";
		};
		4394E84BD86E254FDA237E53 /* Pods */ = {
			isa = PBXGroup;
			children = (
				42BDFEB8399B28DE883BD5E5 /* Pods-CollectionViewDiffableDatasource.debug.xcconfig */,
				6D148EC01B3C86F9885337A6 /* Pods-CollectionViewDiffableDatasource.release.xcconfig */,
				A6DA9F2B0DA97926C6D4A7FE /* Pods-CollectionViewDiffableDatasourceTests.debug.xcconfig */,
				7CE4D478C82AF4BD6AE60C5E /* Pods-CollectionViewDiffableDatasourceTests.release.xcconfig */,
				12F3EBE80FA37650CD831493 /* Pods-CollectionViewDiffableDatasourceUITests.debug.xcconfig */,
				796A2E053AAB80E61B7AC64C /* Pods-CollectionViewDiffableDatasourceUITests.release.xcconfig */,
			);
			path = Pods;
			sourceTree = "<group>";
		};
/* End PBXGroup section */

/* Begin PBXNativeTarget section */
		0E71AB04234B483400213DC8 /* CollectionViewDiffableDatasource */ = {
			isa = PBXNativeTarget;
			buildConfigurationList = 0E71AB2F234B483600213DC8 /* Build configuration list for PBXNativeTarget "CollectionViewDiffableDatasource" */;
			buildPhases = (
				982DAE6F615A5E456B768DAA /* [CP] Check Pods Manifest.lock */,
				0E71AB01234B483400213DC8 /* Sources */,
				0E71AB02234B483400213DC8 /* Frameworks */,
				0E71AB03234B483400213DC8 /* Resources */,
				9D49323A9C7961516066847A /* [CP] Embed Pods Frameworks */,
			);
			buildRules = (
			);
			dependencies = (
			);
			name = CollectionViewDiffableDatasource;
			productName = CollectionViewDiffableDatasource;
			productReference = 0E71AB05234B483400213DC8 /* CollectionViewDiffableDatasource.app */;
			productType = "com.apple.product-type.application";
		};
		0E71AB1A234B483600213DC8 /* CollectionViewDiffableDatasourceTests */ = {
			isa = PBXNativeTarget;
			buildConfigurationList = 0E71AB32234B483600213DC8 /* Build configuration list for PBXNativeTarget "CollectionViewDiffableDatasourceTests" */;
			buildPhases = (
				DEDD21FFA1BA60090B3FBCA2 /* [CP] Check Pods Manifest.lock */,
				0E71AB17234B483600213DC8 /* Sources */,
				0E71AB18234B483600213DC8 /* Frameworks */,
				0E71AB19234B483600213DC8 /* Resources */,
			);
			buildRules = (
			);
			dependencies = (
				0E71AB1D234B483600213DC8 /* PBXTargetDependency */,
			);
			name = CollectionViewDiffableDatasourceTests;
			productName = CollectionViewDiffableDatasourceTests;
			productReference = 0E71AB1B234B483600213DC8 /* CollectionViewDiffableDatasourceTests.xctest */;
			productType = "com.apple.product-type.bundle.unit-test";
		};
		0E71AB25234B483600213DC8 /* CollectionViewDiffableDatasourceUITests */ = {
			isa = PBXNativeTarget;
			buildConfigurationList = 0E71AB35234B483600213DC8 /* Build configuration list for PBXNativeTarget "CollectionViewDiffableDatasourceUITests" */;
			buildPhases = (
				974B278FE45C1182F25D4CBC /* [CP] Check Pods Manifest.lock */,
				0E71AB22234B483600213DC8 /* Sources */,
				0E71AB23234B483600213DC8 /* Frameworks */,
				0E71AB24234B483600213DC8 /* Resources */,
			);
			buildRules = (
			);
			dependencies = (
				0E71AB28234B483600213DC8 /* PBXTargetDependency */,
			);
			name = CollectionViewDiffableDatasourceUITests;
			productName = CollectionViewDiffableDatasourceUITests;
			productReference = 0E71AB26234B483600213DC8 /* CollectionViewDiffableDatasourceUITests.xctest */;
			productType = "com.apple.product-type.bundle.ui-testing";
		};
/* End PBXNativeTarget section */

/* Begin PBXProject section */
		0E71AAFD234B483400213DC8 /* Project object */ = {
			isa = PBXProject;
			attributes = {
				LastSwiftUpdateCheck = 1110;
				LastUpgradeCheck = 1110;
				ORGANIZATIONNAME = scud;
				TargetAttributes = {
					0E71AB04234B483400213DC8 = {
						CreatedOnToolsVersion = 11.1;
					};
					0E71AB1A234B483600213DC8 = {
						CreatedOnToolsVersion = 11.1;
						TestTargetID = 0E71AB04234B483400213DC8;
					};
					0E71AB25234B483600213DC8 = {
						CreatedOnToolsVersion = 11.1;
						TestTargetID = 0E71AB04234B483400213DC8;
					};
				};
			};
			buildConfigurationList = 0E71AB00234B483400213DC8 /* Build configuration list for PBXProject "CollectionViewDiffableDatasource" */;
			compatibilityVersion = "Xcode 9.3";
			developmentRegion = en;
			hasScannedForEncodings = 0;
			knownRegions = (
				en,
				Base,
			);
			mainGroup = 0E71AAFC234B483400213DC8;
			productRefGroup = 0E71AB06234B483400213DC8 /* Products */;
			projectDirPath = "";
			projectRoot = "";
			targets = (
				0E71AB04234B483400213DC8 /* CollectionViewDiffableDatasource */,
				0E71AB1A234B483600213DC8 /* CollectionViewDiffableDatasourceTests */,
				0E71AB25234B483600213DC8 /* CollectionViewDiffableDatasourceUITests */,
			);
		};
/* End PBXProject section */

/* Begin PBXResourcesBuildPhase section */
		0E71AB03234B483400213DC8 /* Resources */ = {
			isa = PBXResourcesBuildPhase;
			buildActionMask = 2147483647;
			files = (
				0E71AB15234B483600213DC8 /* LaunchScreen.storyboard in Resources */,
				0E71AB12234B483600213DC8 /* Assets.xcassets in Resources */,
				0E2DBCA5235460D4009FE716 /* ImageCollectionViewCell.xib in Resources */,
				0E71AB10234B483400213DC8 /* Main.storyboard in Resources */,
				0E2DBCAD235608F8009FE716 /* SuggestionsItemsCell.xib in Resources */,
				0E2DBCA723548154009FE716 /* searchTerm.plist in Resources */,
			);
			runOnlyForDeploymentPostprocessing = 0;
		};
		0E71AB19234B483600213DC8 /* Resources */ = {
			isa = PBXResourcesBuildPhase;
			buildActionMask = 2147483647;
			files = (
			);
			runOnlyForDeploymentPostprocessing = 0;
		};
		0E71AB24234B483600213DC8 /* Resources */ = {
			isa = PBXResourcesBuildPhase;
			buildActionMask = 2147483647;
			files = (
			);
			runOnlyForDeploymentPostprocessing = 0;
		};
/* End PBXResourcesBuildPhase section */

/* Begin PBXShellScriptBuildPhase section */
		974B278FE45C1182F25D4CBC /* [CP] Check Pods Manifest.lock */ = {
			isa = PBXShellScriptBuildPhase;
			buildActionMask = 2147483647;
			files = (
			);
			inputFileListPaths = (
			);
			inputPaths = (
				"${PODS_PODFILE_DIR_PATH}/Podfile.lock",
				"${PODS_ROOT}/Manifest.lock",
			);
			name = "[CP] Check Pods Manifest.lock";
			outputFileListPaths = (
			);
			outputPaths = (
				"$(DERIVED_FILE_DIR)/Pods-CollectionViewDiffableDatasourceUITests-checkManifestLockResult.txt",
			);
			runOnlyForDeploymentPostprocessing = 0;
			shellPath = /bin/sh;
			shellScript = "diff \"${PODS_PODFILE_DIR_PATH}/Podfile.lock\" \"${PODS_ROOT}/Manifest.lock\" > /dev/null\nif [ $? != 0 ] ; then\n    # print error to STDERR\n    echo \"error: The sandbox is not in sync with the Podfile.lock. Run 'pod install' or update your CocoaPods installation.\" >&2\n    exit 1\nfi\n# This output is used by Xcode 'outputs' to avoid re-running this script phase.\necho \"SUCCESS\" > \"${SCRIPT_OUTPUT_FILE_0}\"\n";
			showEnvVarsInLog = 0;
		};
		982DAE6F615A5E456B768DAA /* [CP] Check Pods Manifest.lock */ = {
			isa = PBXShellScriptBuildPhase;
			buildActionMask = 2147483647;
			files = (
			);
			inputFileListPaths = (
			);
			inputPaths = (
				"${PODS_PODFILE_DIR_PATH}/Podfile.lock",
				"${PODS_ROOT}/Manifest.lock",
			);
			name = "[CP] Check Pods Manifest.lock";
			outputFileListPaths = (
			);
			outputPaths = (
				"$(DERIVED_FILE_DIR)/Pods-CollectionViewDiffableDatasource-checkManifestLockResult.txt",
			);
			runOnlyForDeploymentPostprocessing = 0;
			shellPath = /bin/sh;
			shellScript = "diff \"${PODS_PODFILE_DIR_PATH}/Podfile.lock\" \"${PODS_ROOT}/Manifest.lock\" > /dev/null\nif [ $? != 0 ] ; then\n    # print error to STDERR\n    echo \"error: The sandbox is not in sync with the Podfile.lock. Run 'pod install' or update your CocoaPods installation.\" >&2\n    exit 1\nfi\n# This output is used by Xcode 'outputs' to avoid re-running this script phase.\necho \"SUCCESS\" > \"${SCRIPT_OUTPUT_FILE_0}\"\n";
			showEnvVarsInLog = 0;
		};
		9D49323A9C7961516066847A /* [CP] Embed Pods Frameworks */ = {
			isa = PBXShellScriptBuildPhase;
			buildActionMask = 2147483647;
			files = (
			);
			inputFileListPaths = (
				"${PODS_ROOT}/Target Support Files/Pods-CollectionViewDiffableDatasource/Pods-CollectionViewDiffableDatasource-frameworks-${CONFIGURATION}-input-files.xcfilelist",
			);
			name = "[CP] Embed Pods Frameworks";
			outputFileListPaths = (
				"${PODS_ROOT}/Target Support Files/Pods-CollectionViewDiffableDatasource/Pods-CollectionViewDiffableDatasource-frameworks-${CONFIGURATION}-output-files.xcfilelist",
			);
			runOnlyForDeploymentPostprocessing = 0;
			shellPath = /bin/sh;
			shellScript = "\"${PODS_ROOT}/Target Support Files/Pods-CollectionViewDiffableDatasource/Pods-CollectionViewDiffableDatasource-frameworks.sh\"\n";
			showEnvVarsInLog = 0;
		};
		DEDD21FFA1BA60090B3FBCA2 /* [CP] Check Pods Manifest.lock */ = {
			isa = PBXShellScriptBuildPhase;
			buildActionMask = 2147483647;
			files = (
			);
			inputFileListPaths = (
			);
			inputPaths = (
				"${PODS_PODFILE_DIR_PATH}/Podfile.lock",
				"${PODS_ROOT}/Manifest.lock",
			);
			name = "[CP] Check Pods Manifest.lock";
			outputFileListPaths = (
			);
			outputPaths = (
				"$(DERIVED_FILE_DIR)/Pods-CollectionViewDiffableDatasourceTests-checkManifestLockResult.txt",
			);
			runOnlyForDeploymentPostprocessing = 0;
			shellPath = /bin/sh;
			shellScript = "diff \"${PODS_PODFILE_DIR_PATH}/Podfile.lock\" \"${PODS_ROOT}/Manifest.lock\" > /dev/null\nif [ $? != 0 ] ; then\n    # print error to STDERR\n    echo \"error: The sandbox is not in sync with the Podfile.lock. Run 'pod install' or update your CocoaPods installation.\" >&2\n    exit 1\nfi\n# This output is used by Xcode 'outputs' to avoid re-running this script phase.\necho \"SUCCESS\" > \"${SCRIPT_OUTPUT_FILE_0}\"\n";
			showEnvVarsInLog = 0;
		};
/* End PBXShellScriptBuildPhase section */

/* Begin PBXSourcesBuildPhase section */
		0E71AB01234B483400213DC8 /* Sources */ = {
			isa = PBXSourcesBuildPhase;
			buildActionMask = 2147483647;
			files = (
				0E2DBCA4235460D4009FE716 /* ImageCollectionViewCell.swift in Sources */,
				0E2DBC9F23531E2B009FE716 /* ImageSearchController.swift in Sources */,
				0E2DBCAC235608F8009FE716 /* SuggestionsItemsCell.swift in Sources */,
				0E71AB0D234B483400213DC8 /* Sample2ViewController.swift in Sources */,
				0E02F4D0235991C50060B5BC /* Sample1ViewController.swift in Sources */,
				0ECE132323584E0600715953 /* SuggestionsViewModel.swift in Sources */,
				0ECE132523584E1E00715953 /* ImagePostViewModel.swift in Sources */,
				0E71AB09234B483400213DC8 /* AppDelegate.swift in Sources */,
				0E2DBCA12354607A009FE716 /* Utilities.swift in Sources */,
				0E71AB0B234B483400213DC8 /* SceneDelegate.swift in Sources */,
				0E319A74235A39500068E5A2 /* Sample3ViewController.swift in Sources */,
				0ECE132123584C6A00715953 /* SectionsViewModels.swift in Sources */,
				0E2DBCA92355CFA8009FE716 /* SuggestionController.swift in Sources */,
			);
			runOnlyForDeploymentPostprocessing = 0;
		};
		0E71AB17234B483600213DC8 /* Sources */ = {
			isa = PBXSourcesBuildPhase;
			buildActionMask = 2147483647;
			files = (
				0E71AB20234B483600213DC8 /* CollectionViewDiffableDatasourceTests.swift in Sources */,
			);
			runOnlyForDeploymentPostprocessing = 0;
		};
		0E71AB22234B483600213DC8 /* Sources */ = {
			isa = PBXSourcesBuildPhase;
			buildActionMask = 2147483647;
			files = (
				0E71AB2B234B483600213DC8 /* CollectionViewDiffableDatasourceUITests.swift in Sources */,
			);
			runOnlyForDeploymentPostprocessing = 0;
		};
/* End PBXSourcesBuildPhase section */

/* Begin PBXTargetDependency section */
		0E71AB1D234B483600213DC8 /* PBXTargetDependency */ = {
			isa = PBXTargetDependency;
			target = 0E71AB04234B483400213DC8 /* CollectionViewDiffableDatasource */;
			targetProxy = 0E71AB1C234B483600213DC8 /* PBXContainerItemProxy */;
		};
		0E71AB28234B483600213DC8 /* PBXTargetDependency */ = {
			isa = PBXTargetDependency;
			target = 0E71AB04234B483400213DC8 /* CollectionViewDiffableDatasource */;
			targetProxy = 0E71AB27234B483600213DC8 /* PBXContainerItemProxy */;
		};
/* End PBXTargetDependency section */

/* Begin PBXVariantGroup section */
		0E71AB0E234B483400213DC8 /* Main.storyboard */ = {
			isa = PBXVariantGroup;
			children = (
				0E71AB0F234B483400213DC8 /* Base */,
			);
			name = Main.storyboard;
			sourceTree = "<group>";
		};
		0E71AB13234B483600213DC8 /* LaunchScreen.storyboard */ = {
			isa = PBXVariantGroup;
			children = (
				0E71AB14234B483600213DC8 /* Base */,
			);
			name = LaunchScreen.storyboard;
			sourceTree = "<group>";
		};
/* End PBXVariantGroup section */

/* Begin XCBuildConfiguration section */
		0E71AB2D234B483600213DC8 /* Debug */ = {
			isa = XCBuildConfiguration;
			buildSettings = {
				ALWAYS_SEARCH_USER_PATHS = NO;
				CLANG_ANALYZER_NONNULL = YES;
				CLANG_ANALYZER_NUMBER_OBJECT_CONVERSION = YES_AGGRESSIVE;
				CLANG_CXX_LANGUAGE_STANDARD = "gnu++14";
				CLANG_CXX_LIBRARY = "libc++";
				CLANG_ENABLE_MODULES = YES;
				CLANG_ENABLE_OBJC_ARC = YES;
				CLANG_ENABLE_OBJC_WEAK = YES;
				CLANG_WARN_BLOCK_CAPTURE_AUTORELEASING = YES;
				CLANG_WARN_BOOL_CONVERSION = YES;
				CLANG_WARN_COMMA = YES;
				CLANG_WARN_CONSTANT_CONVERSION = YES;
				CLANG_WARN_DEPRECATED_OBJC_IMPLEMENTATIONS = YES;
				CLANG_WARN_DIRECT_OBJC_ISA_USAGE = YES_ERROR;
				CLANG_WARN_DOCUMENTATION_COMMENTS = YES;
				CLANG_WARN_EMPTY_BODY = YES;
				CLANG_WARN_ENUM_CONVERSION = YES;
				CLANG_WARN_INFINITE_RECURSION = YES;
				CLANG_WARN_INT_CONVERSION = YES;
				CLANG_WARN_NON_LITERAL_NULL_CONVERSION = YES;
				CLANG_WARN_OBJC_IMPLICIT_RETAIN_SELF = YES;
				CLANG_WARN_OBJC_LITERAL_CONVERSION = YES;
				CLANG_WARN_OBJC_ROOT_CLASS = YES_ERROR;
				CLANG_WARN_RANGE_LOOP_ANALYSIS = YES;
				CLANG_WARN_STRICT_PROTOTYPES = YES;
				CLANG_WARN_SUSPICIOUS_MOVE = YES;
				CLANG_WARN_UNGUARDED_AVAILABILITY = YES_AGGRESSIVE;
				CLANG_WARN_UNREACHABLE_CODE = YES;
				CLANG_WARN__DUPLICATE_METHOD_MATCH = YES;
				COPY_PHASE_STRIP = NO;
				DEBUG_INFORMATION_FORMAT = dwarf;
				ENABLE_STRICT_OBJC_MSGSEND = YES;
				ENABLE_TESTABILITY = YES;
				GCC_C_LANGUAGE_STANDARD = gnu11;
				GCC_DYNAMIC_NO_PIC = NO;
				GCC_NO_COMMON_BLOCKS = YES;
				GCC_OPTIMIZATION_LEVEL = 0;
				GCC_PREPROCESSOR_DEFINITIONS = (
					"DEBUG=1",
					"$(inherited)",
				);
				GCC_WARN_64_TO_32_BIT_CONVERSION = YES;
				GCC_WARN_ABOUT_RETURN_TYPE = YES_ERROR;
				GCC_WARN_UNDECLARED_SELECTOR = YES;
				GCC_WARN_UNINITIALIZED_AUTOS = YES_AGGRESSIVE;
				GCC_WARN_UNUSED_FUNCTION = YES;
				GCC_WARN_UNUSED_VARIABLE = YES;
				IPHONEOS_DEPLOYMENT_TARGET = 13.1;
				MTL_ENABLE_DEBUG_INFO = INCLUDE_SOURCE;
				MTL_FAST_MATH = YES;
				ONLY_ACTIVE_ARCH = YES;
				SDKROOT = iphoneos;
				SWIFT_ACTIVE_COMPILATION_CONDITIONS = DEBUG;
				SWIFT_OPTIMIZATION_LEVEL = "-Onone";
			};
			name = Debug;
		};
		0E71AB2E234B483600213DC8 /* Release */ = {
			isa = XCBuildConfiguration;
			buildSettings = {
				ALWAYS_SEARCH_USER_PATHS = NO;
				CLANG_ANALYZER_NONNULL = YES;
				CLANG_ANALYZER_NUMBER_OBJECT_CONVERSION = YES_AGGRESSIVE;
				CLANG_CXX_LANGUAGE_STANDARD = "gnu++14";
				CLANG_CXX_LIBRARY = "libc++";
				CLANG_ENABLE_MODULES = YES;
				CLANG_ENABLE_OBJC_ARC = YES;
				CLANG_ENABLE_OBJC_WEAK = YES;
				CLANG_WARN_BLOCK_CAPTURE_AUTORELEASING = YES;
				CLANG_WARN_BOOL_CONVERSION = YES;
				CLANG_WARN_COMMA = YES;
				CLANG_WARN_CONSTANT_CONVERSION = YES;
				CLANG_WARN_DEPRECATED_OBJC_IMPLEMENTATIONS = YES;
				CLANG_WARN_DIRECT_OBJC_ISA_USAGE = YES_ERROR;
				CLANG_WARN_DOCUMENTATION_COMMENTS = YES;
				CLANG_WARN_EMPTY_BODY = YES;
				CLANG_WARN_ENUM_CONVERSION = YES;
				CLANG_WARN_INFINITE_RECURSION = YES;
				CLANG_WARN_INT_CONVERSION = YES;
				CLANG_WARN_NON_LITERAL_NULL_CONVERSION = YES;
				CLANG_WARN_OBJC_IMPLICIT_RETAIN_SELF = YES;
				CLANG_WARN_OBJC_LITERAL_CONVERSION = YES;
				CLANG_WARN_OBJC_ROOT_CLASS = YES_ERROR;
				CLANG_WARN_RANGE_LOOP_ANALYSIS = YES;
				CLANG_WARN_STRICT_PROTOTYPES = YES;
				CLANG_WARN_SUSPICIOUS_MOVE = YES;
				CLANG_WARN_UNGUARDED_AVAILABILITY = YES_AGGRESSIVE;
				CLANG_WARN_UNREACHABLE_CODE = YES;
				CLANG_WARN__DUPLICATE_METHOD_MATCH = YES;
				COPY_PHASE_STRIP = NO;
				DEBUG_INFORMATION_FORMAT = "dwarf-with-dsym";
				ENABLE_NS_ASSERTIONS = NO;
				ENABLE_STRICT_OBJC_MSGSEND = YES;
				GCC_C_LANGUAGE_STANDARD = gnu11;
				GCC_NO_COMMON_BLOCKS = YES;
				GCC_WARN_64_TO_32_BIT_CONVERSION = YES;
				GCC_WARN_ABOUT_RETURN_TYPE = YES_ERROR;
				GCC_WARN_UNDECLARED_SELECTOR = YES;
				GCC_WARN_UNINITIALIZED_AUTOS = YES_AGGRESSIVE;
				GCC_WARN_UNUSED_FUNCTION = YES;
				GCC_WARN_UNUSED_VARIABLE = YES;
				IPHONEOS_DEPLOYMENT_TARGET = 13.1;
				MTL_ENABLE_DEBUG_INFO = NO;
				MTL_FAST_MATH = YES;
				SDKROOT = iphoneos;
				SWIFT_COMPILATION_MODE = wholemodule;
				SWIFT_OPTIMIZATION_LEVEL = "-O";
				VALIDATE_PRODUCT = YES;
			};
			name = Release;
		};
		0E71AB30234B483600213DC8 /* Debug */ = {
			isa = XCBuildConfiguration;
			baseConfigurationReference = 42BDFEB8399B28DE883BD5E5 /* Pods-CollectionViewDiffableDatasource.debug.xcconfig */;
			buildSettings = {
				ASSETCATALOG_COMPILER_APPICON_NAME = AppIcon;
				CODE_SIGN_STYLE = Automatic;
				DEVELOPMENT_TEAM = BPFRBW2ELY;
				INFOPLIST_FILE = CollectionViewDiffableDatasource/Info.plist;
				LD_RUNPATH_SEARCH_PATHS = (
					"$(inherited)",
					"@executable_path/Frameworks",
				);
				PRODUCT_BUNDLE_IDENTIFIER = dunzo.CollectionViewDiffableDatasource;
				PRODUCT_NAME = "$(TARGET_NAME)";
				SWIFT_VERSION = 5.0;
				TARGETED_DEVICE_FAMILY = "1,2";
			};
			name = Debug;
		};
		0E71AB31234B483600213DC8 /* Release */ = {
			isa = XCBuildConfiguration;
			baseConfigurationReference = 6D148EC01B3C86F9885337A6 /* Pods-CollectionViewDiffableDatasource.release.xcconfig */;
			buildSettings = {
				ASSETCATALOG_COMPILER_APPICON_NAME = AppIcon;
				CODE_SIGN_STYLE = Automatic;
				DEVELOPMENT_TEAM = BPFRBW2ELY;
				INFOPLIST_FILE = CollectionViewDiffableDatasource/Info.plist;
				LD_RUNPATH_SEARCH_PATHS = (
					"$(inherited)",
					"@executable_path/Frameworks",
				);
				PRODUCT_BUNDLE_IDENTIFIER = dunzo.CollectionViewDiffableDatasource;
				PRODUCT_NAME = "$(TARGET_NAME)";
				SWIFT_VERSION = 5.0;
				TARGETED_DEVICE_FAMILY = "1,2";
			};
			name = Release;
		};
		0E71AB33234B483600213DC8 /* Debug */ = {
			isa = XCBuildConfiguration;
			baseConfigurationReference = A6DA9F2B0DA97926C6D4A7FE /* Pods-CollectionViewDiffableDatasourceTests.debug.xcconfig */;
			buildSettings = {
				ALWAYS_EMBED_SWIFT_STANDARD_LIBRARIES = YES;
				BUNDLE_LOADER = "$(TEST_HOST)";
				CODE_SIGN_STYLE = Automatic;
				DEVELOPMENT_TEAM = BPFRBW2ELY;
				INFOPLIST_FILE = CollectionViewDiffableDatasourceTests/Info.plist;
				IPHONEOS_DEPLOYMENT_TARGET = 13.1;
				LD_RUNPATH_SEARCH_PATHS = (
					"$(inherited)",
					"@executable_path/Frameworks",
					"@loader_path/Frameworks",
				);
				PRODUCT_BUNDLE_IDENTIFIER = dunzo.CollectionViewDiffableDatasourceTests;
				PRODUCT_NAME = "$(TARGET_NAME)";
				SWIFT_VERSION = 5.0;
				TARGETED_DEVICE_FAMILY = "1,2";
				TEST_HOST = "$(BUILT_PRODUCTS_DIR)/CollectionViewDiffableDatasource.app/CollectionViewDiffableDatasource";
			};
			name = Debug;
		};
		0E71AB34234B483600213DC8 /* Release */ = {
			isa = XCBuildConfiguration;
			baseConfigurationReference = 7CE4D478C82AF4BD6AE60C5E /* Pods-CollectionViewDiffableDatasourceTests.release.xcconfig */;
			buildSettings = {
				ALWAYS_EMBED_SWIFT_STANDARD_LIBRARIES = YES;
				BUNDLE_LOADER = "$(TEST_HOST)";
				CODE_SIGN_STYLE = Automatic;
				DEVELOPMENT_TEAM = BPFRBW2ELY;
				INFOPLIST_FILE = CollectionViewDiffableDatasourceTests/Info.plist;
				IPHONEOS_DEPLOYMENT_TARGET = 13.1;
				LD_RUNPATH_SEARCH_PATHS = (
					"$(inherited)",
					"@executable_path/Frameworks",
					"@loader_path/Frameworks",
				);
				PRODUCT_BUNDLE_IDENTIFIER = dunzo.CollectionViewDiffableDatasourceTests;
				PRODUCT_NAME = "$(TARGET_NAME)";
				SWIFT_VERSION = 5.0;
				TARGETED_DEVICE_FAMILY = "1,2";
				TEST_HOST = "$(BUILT_PRODUCTS_DIR)/CollectionViewDiffableDatasource.app/CollectionViewDiffableDatasource";
			};
			name = Release;
		};
		0E71AB36234B483600213DC8 /* Debug */ = {
			isa = XCBuildConfiguration;
			baseConfigurationReference = 12F3EBE80FA37650CD831493 /* Pods-CollectionViewDiffableDatasourceUITests.debug.xcconfig */;
			buildSettings = {
				ALWAYS_EMBED_SWIFT_STANDARD_LIBRARIES = YES;
				CODE_SIGN_STYLE = Automatic;
				DEVELOPMENT_TEAM = BPFRBW2ELY;
				INFOPLIST_FILE = CollectionViewDiffableDatasourceUITests/Info.plist;
				LD_RUNPATH_SEARCH_PATHS = (
					"$(inherited)",
					"@executable_path/Frameworks",
					"@loader_path/Frameworks",
				);
				PRODUCT_BUNDLE_IDENTIFIER = dunzo.CollectionViewDiffableDatasourceUITests;
				PRODUCT_NAME = "$(TARGET_NAME)";
				SWIFT_VERSION = 5.0;
				TARGETED_DEVICE_FAMILY = "1,2";
				TEST_TARGET_NAME = CollectionViewDiffableDatasource;
			};
			name = Debug;
		};
		0E71AB37234B483600213DC8 /* Release */ = {
			isa = XCBuildConfiguration;
			baseConfigurationReference = 796A2E053AAB80E61B7AC64C /* Pods-CollectionViewDiffableDatasourceUITests.release.xcconfig */;
			buildSettings = {
				ALWAYS_EMBED_SWIFT_STANDARD_LIBRARIES = YES;
				CODE_SIGN_STYLE = Automatic;
				DEVELOPMENT_TEAM = BPFRBW2ELY;
				INFOPLIST_FILE = CollectionViewDiffableDatasourceUITests/Info.plist;
				LD_RUNPATH_SEARCH_PATHS = (
					"$(inherited)",
					"@executable_path/Frameworks",
					"@loader_path/Frameworks",
				);
				PRODUCT_BUNDLE_IDENTIFIER = dunzo.CollectionViewDiffableDatasourceUITests;
				PRODUCT_NAME = "$(TARGET_NAME)";
				SWIFT_VERSION = 5.0;
				TARGETED_DEVICE_FAMILY = "1,2";
				TEST_TARGET_NAME = CollectionViewDiffableDatasource;
			};
			name = Release;
		};
/* End XCBuildConfiguration section */

/* Begin XCConfigurationList section */
		0E71AB00234B483400213DC8 /* Build configuration list for PBXProject "CollectionViewDiffableDatasource" */ = {
			isa = XCConfigurationList;
			buildConfigurations = (
				0E71AB2D234B483600213DC8 /* Debug */,
				0E71AB2E234B483600213DC8 /* Release */,
			);
			defaultConfigurationIsVisible = 0;
			defaultConfigurationName = Release;
		};
		0E71AB2F234B483600213DC8 /* Build configuration list for PBXNativeTarget "CollectionViewDiffableDatasource" */ = {
			isa = XCConfigurationList;
			buildConfigurations = (
				0E71AB30234B483600213DC8 /* Debug */,
				0E71AB31234B483600213DC8 /* Release */,
			);
			defaultConfigurationIsVisible = 0;
			defaultConfigurationName = Release;
		};
		0E71AB32234B483600213DC8 /* Build configuration list for PBXNativeTarget "CollectionViewDiffableDatasourceTests" */ = {
			isa = XCConfigurationList;
			buildConfigurations = (
				0E71AB33234B483600213DC8 /* Debug */,
				0E71AB34234B483600213DC8 /* Release */,
			);
			defaultConfigurationIsVisible = 0;
			defaultConfigurationName = Release;
		};
		0E71AB35234B483600213DC8 /* Build configuration list for PBXNativeTarget "CollectionViewDiffableDatasourceUITests" */ = {
			isa = XCConfigurationList;
			buildConfigurations = (
				0E71AB36234B483600213DC8 /* Debug */,
				0E71AB37234B483600213DC8 /* Release */,
			);
			defaultConfigurationIsVisible = 0;
			defaultConfigurationName = Release;
		};
/* End XCConfigurationList section */
	};
	rootObject = 0E71AAFD234B483400213DC8 /* Project object */;
}
